
Microsoft Visual Studio Solution File, Format Version 12.00
# Visual Studio 2012
Project("{FAE04EC0-301F-11D3-BF4B-00C04F79EFBC}") = "ConsoleApplication11", "ConsoleApplication11\ConsoleApplication11.csproj", "{5239A786-5E86-4E9E-B581-1F65A800950C}"
EndProject
Global
	GlobalSection(SolutionConfigurationPlatforms) = preSolution
		Debug|Any CPU = Debug|Any CPU
		Release|Any CPU = Release|Any CPU
	EndGlobalSection
	GlobalSection(ProjectConfigurationPlatforms) = postSolution
		{5239A786-5E86-4E9E-B581-1F65A800950C}.Debug|Any CPU.ActiveCfg = Debug|Any CPU
		{5239A786-5E86-4E9E-B581-1F65A800950C}.Debug|Any CPU.Build.0 = Debug|Any CPU
		{5239A786-5E86-4E9E-B581-1F65A800950C}.Release|Any CPU.ActiveCfg = Release|Any CPU
		{5239A786-5E86-4E9E-B581-1F65A800950C}.Release|Any CPU.Build.0 = Release|Any CPU
	EndGlobalSection
	GlobalSection(SolutionProperties) = preSolution
		HideSolutionNode = FALSE
	EndGlobalSection
EndGlobal
